Microsoft Visual Studio Solution File, Format Version 12.00
# Visual Studio 2013
VisualStudioVersion = 12.0.40629.0
MinimumVisualStudioVersion = 10.0.40219.1
Project("{FAE04EC0-301F-11D3-BF4B-00C04F79EFBC}") = "BoxCommonLibrary", "Source\BoxCommonLibrary\BoxCommonLibrary.csproj", "{42C26843-2517-44D5-9ADF-EF5310D7E5B0}"
	ProjectSection(ProjectDependencies) = postProject
		{FCE8364F-68D4-437A-AAC5-03BF4D6BC4C7} = {FCE8364F-68D4-437A-AAC5-03BF4D6BC4C7}
	EndProjectSection
EndProject
Project("{FAE04EC0-301F-11D3-BF4B-00C04F79EFBC}") = "BoxEdit", "Source\BoxEdit\BoxEdit.csproj", "{88322321-AB0D-4EEF-BB10-9B115E952E52}"
EndProject
Project("{FAE04EC0-301F-11D3-BF4B-00C04F79EFBC}") = "Pandora", "Source\Pandora\Pandora.csproj", "{22374E67-1ED8-4E2A-AED6-3068D7DD2BA5}"
	ProjectSection(ProjectDependencies) = postProject
		{585A8775-F9A4-411D-8550-DA6B66814EF8} = {585A8775-F9A4-411D-8550-DA6B66814EF8}
	EndProjectSection
EndProject
Project("{FAE04EC0-301F-11D3-BF4B-00C04F79EFBC}") = "Localizer", "Source\Localizer\Localizer.csproj", "{01DF53FE-B1F0-488F-B87D-ECB742434AF5}"
EndProject
Project("{FAE04EC0-301F-11D3-BF4B-00C04F79EFBC}") = "MapViewer", "Source\MapViewer\MapViewer.csproj", "{BCF60001-3CDA-420E-83ED-F1FEAC1E005A}"
EndProject
Project("{FAE04EC0-301F-11D3-BF4B-00C04F79EFBC}") = "ArtViewer", "Source\ArtViewer\ArtViewer.csproj", "{97632EC5-40A8-4A78-93A5-75831DC331E9}"
EndProject
Project("{FAE04EC0-301F-11D3-BF4B-00C04F79EFBC}") = "BoxServer", "Source\BoxRemote\BoxServer.csproj", "{585A8775-F9A4-411D-8550-DA6B66814EF8}"
EndProject
Project("{FAE04EC0-301F-11D3-BF4B-00C04F79EFBC}") = "SoundExplorer", "Source\SoundExplorer\SoundExplorer.csproj", "{A7DFBE37-B0FF-4124-9E7D-CA5C235D2DC9}"
EndProject
Project("{FAE04EC0-301F-11D3-BF4B-00C04F79EFBC}") = "BoxServerSetup", "Source\BoxServerSetup\BoxServerSetup.csproj", "{FC77C623-1EAD-4A0A-94B6-440F2E6F7D36}"
EndProject
Project("{FAE04EC0-301F-11D3-BF4B-00C04F79EFBC}") = "TravelAgent", "Source\TravelAgent\TravelAgent.csproj", "{246D2055-AEDA-4FD3-A194-B4F4BA099119}"
EndProject
Project("{FAE04EC0-301F-11D3-BF4B-00C04F79EFBC}") = "Tester", "Source\Tester\Tester.csproj", "{B33DE0E1-A436-45AF-BDAC-150C14BA4938}"
EndProject
Project("{FAE04EC0-301F-11D3-BF4B-00C04F79EFBC}") = "Data", "Source\Datafiles\Data\Data.csproj", "{3E20BA2C-177C-4141-8BE4-3010D9DF7959}"
EndProject
Project("{FAE04EC0-301F-11D3-BF4B-00C04F79EFBC}") = "DefaultButtons", "Source\Datafiles\DefaultButtons\DefaultButtons.csproj", "{BB9DAC32-3B08-4C03-905B-9AE7CC55A10F}"
EndProject
Project("{FAE04EC0-301F-11D3-BF4B-00C04F79EFBC}") = "English", "Source\Datafiles\English\English.csproj", "{360959F7-14DD-4C76-BD61-72525B378EF3}"
EndProject
Project("{FAE04EC0-301F-11D3-BF4B-00C04F79EFBC}") = "ErrMsgBox", "Source\ErrMsgBox\ErrMsgBox.csproj", "{FCE8364F-68D4-437A-AAC5-03BF4D6BC4C7}"
EndProject
Project("{FAE04EC0-301F-11D3-BF4B-00C04F79EFBC}") = "Ultima", "Source\Ultima\Ultima.csproj", "{E08CFBE4-E013-44EE-8829-426D05BC083F}"
EndProject
Global
	GlobalSection(SolutionConfigurationPlatforms) = preSolution
		Debug|Any CPU = Debug|Any CPU
		Debug|x64 = Debug|x64
		Debug|x86 = Debug|x86
		Release|Any CPU = Release|Any CPU
		Release|x64 = Release|x64
		Release|x86 = Release|x86
	EndGlobalSection
	GlobalSection(ProjectConfigurationPlatforms) = postSolution
		{42C26843-2517-44D5-9ADF-EF5310D7E5B0}.Debug|Any CPU.ActiveCfg = Debug|Any CPU
		{42C26843-2517-44D5-9ADF-EF5310D7E5B0}.Debug|Any CPU.Build.0 = Debug|Any CPU
		{42C26843-2517-44D5-9ADF-EF5310D7E5B0}.Debug|x64.ActiveCfg = Debug|Any CPU
		{42C26843-2517-44D5-9ADF-EF5310D7E5B0}.Debug|x86.ActiveCfg = Debug|Any CPU
		{42C26843-2517-44D5-9ADF-EF5310D7E5B0}.Release|Any CPU.ActiveCfg = Release|Any CPU
		{42C26843-2517-44D5-9ADF-EF5310D7E5B0}.Release|Any CPU.Build.0 = Release|Any CPU
		{42C26843-2517-44D5-9ADF-EF5310D7E5B0}.Release|x64.ActiveCfg = Release|Any CPU
		{42C26843-2517-44D5-9ADF-EF5310D7E5B0}.Release|x86.ActiveCfg = Release|Any CPU
		{88322321-AB0D-4EEF-BB10-9B115E952E52}.Debug|Any CPU.ActiveCfg = Debug|Any CPU
		{88322321-AB0D-4EEF-BB10-9B115E952E52}.Debug|Any CPU.Build.0 = Debug|Any CPU
		{88322321-AB0D-4EEF-BB10-9B115E952E52}.Debug|x64.ActiveCfg = Debug|Any CPU
		{88322321-AB0D-4EEF-BB10-9B115E952E52}.Debug|x86.ActiveCfg = Debug|Any CPU
		{88322321-AB0D-4EEF-BB10-9B115E952E52}.Release|Any CPU.ActiveCfg = Release|Any CPU
		{88322321-AB0D-4EEF-BB10-9B115E952E52}.Release|Any CPU.Build.0 = Release|Any CPU
		{88322321-AB0D-4EEF-BB10-9B115E952E52}.Release|x64.ActiveCfg = Release|Any CPU
		{88322321-AB0D-4EEF-BB10-9B115E952E52}.Release|x86.ActiveCfg = Release|Any CPU
		{22374E67-1ED8-4E2A-AED6-3068D7DD2BA5}.Debug|Any CPU.ActiveCfg = Debug|Any CPU
		{22374E67-1ED8-4E2A-AED6-3068D7DD2BA5}.Debug|Any CPU.Build.0 = Debug|Any CPU
		{22374E67-1ED8-4E2A-AED6-3068D7DD2BA5}.Debug|x64.ActiveCfg = Debug|Any CPU
		{22374E67-1ED8-4E2A-AED6-3068D7DD2BA5}.Debug|x86.ActiveCfg = Debug|Any CPU
		{22374E67-1ED8-4E2A-AED6-3068D7DD2BA5}.Release|Any CPU.ActiveCfg = Release|Any CPU
		{22374E67-1ED8-4E2A-AED6-3068D7DD2BA5}.Release|Any CPU.Build.0 = Release|Any CPU
		{22374E67-1ED8-4E2A-AED6-3068D7DD2BA5}.Release|x64.ActiveCfg = Release|Any CPU
		{22374E67-1ED8-4E2A-AED6-3068D7DD2BA5}.Release|x86.ActiveCfg = Release|Any CPU
		{01DF53FE-B1F0-488F-B87D-ECB742434AF5}.Debug|Any CPU.ActiveCfg = Debug|Any CPU
		{01DF53FE-B1F0-488F-B87D-ECB742434AF5}.Debug|Any CPU.Build.0 = Debug|Any CPU
		{01DF53FE-B1F0-488F-B87D-ECB742434AF5}.Debug|x64.ActiveCfg = Debug|Any CPU
		{01DF53FE-B1F0-488F-B87D-ECB742434AF5}.Debug|x86.ActiveCfg = Debug|Any CPU
		{01DF53FE-B1F0-488F-B87D-ECB742434AF5}.Release|Any CPU.ActiveCfg = Release|Any CPU
		{01DF53FE-B1F0-488F-B87D-ECB742434AF5}.Release|Any CPU.Build.0 = Release|Any CPU
		{01DF53FE-B1F0-488F-B87D-ECB742434AF5}.Release|x64.ActiveCfg = Release|Any CPU
		{01DF53FE-B1F0-488F-B87D-ECB742434AF5}.Release|x86.ActiveCfg = Release|Any CPU
		{BCF60001-3CDA-420E-83ED-F1FEAC1E005A}.Debug|Any CPU.ActiveCfg = Debug|Any CPU
		{BCF60001-3CDA-420E-83ED-F1FEAC1E005A}.Debug|Any CPU.Build.0 = Debug|Any CPU
		{BCF60001-3CDA-420E-83ED-F1FEAC1E005A}.Debug|x64.ActiveCfg = Debug|Any CPU
		{BCF60001-3CDA-420E-83ED-F1FEAC1E005A}.Debug|x86.ActiveCfg = Debug|Any CPU
		{BCF60001-3CDA-420E-83ED-F1FEAC1E005A}.Release|Any CPU.ActiveCfg = Release|Any CPU
		{BCF60001-3CDA-420E-83ED-F1FEAC1E005A}.Release|Any CPU.Build.0 = Release|Any CPU
		{BCF60001-3CDA-420E-83ED-F1FEAC1E005A}.Release|x64.ActiveCfg = Release|Any CPU
		{BCF60001-3CDA-420E-83ED-F1FEAC1E005A}.Release|x86.ActiveCfg = Release|Any CPU
		{97632EC5-40A8-4A78-93A5-75831DC331E9}.Debug|Any CPU.ActiveCfg = Debug|Any CPU
		{97632EC5-40A8-4A78-93A5-75831DC331E9}.Debug|Any CPU.Build.0 = Debug|Any CPU
		{97632EC5-40A8-4A78-93A5-75831DC331E9}.Debug|x64.ActiveCfg = Debug|Any CPU
		{97632EC5-40A8-4A78-93A5-75831DC331E9}.Debug|x86.ActiveCfg = Debug|Any CPU
		{97632EC5-40A8-4A78-93A5-75831DC331E9}.Release|Any CPU.ActiveCfg = Release|Any CPU
		{97632EC5-40A8-4A78-93A5-75831DC331E9}.Release|Any CPU.Build.0 = Release|Any CPU
		{97632EC5-40A8-4A78-93A5-75831DC331E9}.Release|x64.ActiveCfg = Release|Any CPU
		{97632EC5-40A8-4A78-93A5-75831DC331E9}.Release|x86.ActiveCfg = Release|Any CPU
		{585A8775-F9A4-411D-8550-DA6B66814EF8}.Debug|Any CPU.ActiveCfg = Debug|Any CPU
		{585A8775-F9A4-411D-8550-DA6B66814EF8}.Debug|Any CPU.Build.0 = Debug|Any CPU
		{585A8775-F9A4-411D-8550-DA6B66814EF8}.Debug|x64.ActiveCfg = Debug|Any CPU
		{585A8775-F9A4-411D-8550-DA6B66814EF8}.Debug|x86.ActiveCfg = Debug|Any CPU
		{585A8775-F9A4-411D-8550-DA6B66814EF8}.Release|Any CPU.ActiveCfg = Release|Any CPU
		{585A8775-F9A4-411D-8550-DA6B66814EF8}.Release|Any CPU.Build.0 = Release|Any CPU
		{585A8775-F9A4-411D-8550-DA6B66814EF8}.Release|x64.ActiveCfg = Release|Any CPU
		{585A8775-F9A4-411D-8550-DA6B66814EF8}.Release|x86.ActiveCfg = Release|Any CPU
		{A7DFBE37-B0FF-4124-9E7D-CA5C235D2DC9}.Debug|Any CPU.ActiveCfg = Debug|Any CPU
		{A7DFBE37-B0FF-4124-9E7D-CA5C235D2DC9}.Debug|Any CPU.Build.0 = Debug|Any CPU
		{A7DFBE37-B0FF-4124-9E7D-CA5C235D2DC9}.Debug|x64.ActiveCfg = Debug|Any CPU
		{A7DFBE37-B0FF-4124-9E7D-CA5C235D2DC9}.Debug|x86.ActiveCfg = Debug|Any CPU
		{A7DFBE37-B0FF-4124-9E7D-CA5C235D2DC9}.Release|Any CPU.ActiveCfg = Release|Any CPU
		{A7DFBE37-B0FF-4124-9E7D-CA5C235D2DC9}.Release|Any CPU.Build.0 = Release|Any CPU
		{A7DFBE37-B0FF-4124-9E7D-CA5C235D2DC9}.Release|x64.ActiveCfg = Release|Any CPU
		{A7DFBE37-B0FF-4124-9E7D-CA5C235D2DC9}.Release|x86.ActiveCfg = Release|Any CPU
		{FC77C623-1EAD-4A0A-94B6-440F2E6F7D36}.Debug|Any CPU.ActiveCfg = Debug|Any CPU
		{FC77C623-1EAD-4A0A-94B6-440F2E6F7D36}.Debug|Any CPU.Build.0 = Debug|Any CPU
		{FC77C623-1EAD-4A0A-94B6-440F2E6F7D36}.Debug|x64.ActiveCfg = Debug|Any CPU
		{FC77C623-1EAD-4A0A-94B6-440F2E6F7D36}.Debug|x86.ActiveCfg = Debug|Any CPU
		{FC77C623-1EAD-4A0A-94B6-440F2E6F7D36}.Release|Any CPU.ActiveCfg = Release|Any CPU
		{FC77C623-1EAD-4A0A-94B6-440F2E6F7D36}.Release|Any CPU.Build.0 = Release|Any CPU
		{FC77C623-1EAD-4A0A-94B6-440F2E6F7D36}.Release|x64.ActiveCfg = Release|Any CPU
		{FC77C623-1EAD-4A0A-94B6-440F2E6F7D36}.Release|x86.ActiveCfg = Release|Any CPU
		{246D2055-AEDA-4FD3-A194-B4F4BA099119}.Debug|Any CPU.ActiveCfg = Debug|Any CPU
		{246D2055-AEDA-4FD3-A194-B4F4BA099119}.Debug|Any CPU.Build.0 = Debug|Any CPU
		{246D2055-AEDA-4FD3-A194-B4F4BA099119}.Debug|x64.ActiveCfg = Debug|Any CPU
		{246D2055-AEDA-4FD3-A194-B4F4BA099119}.Debug|x86.ActiveCfg = Debug|Any CPU
		{246D2055-AEDA-4FD3-A194-B4F4BA099119}.Release|Any CPU.ActiveCfg = Release|Any CPU
		{246D2055-AEDA-4FD3-A194-B4F4BA099119}.Release|Any CPU.Build.0 = Release|Any CPU
		{246D2055-AEDA-4FD3-A194-B4F4BA099119}.Release|x64.ActiveCfg = Release|Any CPU
		{246D2055-AEDA-4FD3-A194-B4F4BA099119}.Release|x86.ActiveCfg = Release|Any CPU
		{B33DE0E1-A436-45AF-BDAC-150C14BA4938}.Debug|Any CPU.ActiveCfg = Debug|Any CPU
		{B33DE0E1-A436-45AF-BDAC-150C14BA4938}.Debug|Any CPU.Build.0 = Debug|Any CPU
		{B33DE0E1-A436-45AF-BDAC-150C14BA4938}.Debug|x64.ActiveCfg = Debug|Any CPU
		{B33DE0E1-A436-45AF-BDAC-150C14BA4938}.Debug|x86.ActiveCfg = Debug|Any CPU
		{B33DE0E1-A436-45AF-BDAC-150C14BA4938}.Release|Any CPU.ActiveCfg = Release|Any CPU
		{B33DE0E1-A436-45AF-BDAC-150C14BA4938}.Release|Any CPU.Build.0 = Release|Any CPU
		{B33DE0E1-A436-45AF-BDAC-150C14BA4938}.Release|x64.ActiveCfg = Release|Any CPU
		{B33DE0E1-A436-45AF-BDAC-150C14BA4938}.Release|x86.ActiveCfg = Release|Any CPU
		{3E20BA2C-177C-4141-8BE4-3010D9DF7959}.Debug|Any CPU.ActiveCfg = Debug|Any CPU
		{3E20BA2C-177C-4141-8BE4-3010D9DF7959}.Debug|Any CPU.Build.0 = Debug|Any CPU
		{3E20BA2C-177C-4141-8BE4-3010D9DF7959}.Debug|x64.ActiveCfg = Debug|Any CPU
		{3E20BA2C-177C-4141-8BE4-3010D9DF7959}.Debug|x86.ActiveCfg = Debug|Any CPU
		{3E20BA2C-177C-4141-8BE4-3010D9DF7959}.Release|Any CPU.ActiveCfg = Release|Any CPU
		{3E20BA2C-177C-4141-8BE4-3010D9DF7959}.Release|Any CPU.Build.0 = Release|Any CPU
		{3E20BA2C-177C-4141-8BE4-3010D9DF7959}.Release|x64.ActiveCfg = Release|Any CPU
		{3E20BA2C-177C-4141-8BE4-3010D9DF7959}.Release|x86.ActiveCfg = Release|Any CPU
		{BB9DAC32-3B08-4C03-905B-9AE7CC55A10F}.Debug|Any CPU.ActiveCfg = Debug|Any CPU
		{BB9DAC32-3B08-4C03-905B-9AE7CC55A10F}.Debug|Any CPU.Build.0 = Debug|Any CPU
		{BB9DAC32-3B08-4C03-905B-9AE7CC55A10F}.Debug|x64.ActiveCfg = Debug|Any CPU
		{BB9DAC32-3B08-4C03-905B-9AE7CC55A10F}.Debug|x86.ActiveCfg = Debug|Any CPU
		{BB9DAC32-3B08-4C03-905B-9AE7CC55A10F}.Release|Any CPU.ActiveCfg = Release|Any CPU
		{BB9DAC32-3B08-4C03-905B-9AE7CC55A10F}.Release|Any CPU.Build.0 = Release|Any CPU
		{BB9DAC32-3B08-4C03-905B-9AE7CC55A10F}.Release|x64.ActiveCfg = Release|Any CPU
		{BB9DAC32-3B08-4C03-905B-9AE7CC55A10F}.Release|x86.ActiveCfg = Release|Any CPU
		{360959F7-14DD-4C76-BD61-72525B378EF3}.Debug|Any CPU.ActiveCfg = Debug|Any CPU
		{360959F7-14DD-4C76-BD61-72525B378EF3}.Debug|Any CPU.Build.0 = Debug|Any CPU
		{360959F7-14DD-4C76-BD61-72525B378EF3}.Debug|x64.ActiveCfg = Debug|Any CPU
		{360959F7-14DD-4C76-BD61-72525B378EF3}.Debug|x86.ActiveCfg = Debug|Any CPU
		{360959F7-14DD-4C76-BD61-72525B378EF3}.Release|Any CPU.ActiveCfg = Release|Any CPU
		{360959F7-14DD-4C76-BD61-72525B378EF3}.Release|Any CPU.Build.0 = Release|Any CPU
		{360959F7-14DD-4C76-BD61-72525B378EF3}.Release|x64.ActiveCfg = Release|Any CPU
		{360959F7-14DD-4C76-BD61-72525B378EF3}.Release|x86.ActiveCfg = Release|Any CPU
		{FCE8364F-68D4-437A-AAC5-03BF4D6BC4C7}.Debug|Any CPU.ActiveCfg = Debug|Any CPU
		{FCE8364F-68D4-437A-AAC5-03BF4D6BC4C7}.Debug|Any CPU.Build.0 = Debug|Any CPU
		{FCE8364F-68D4-437A-AAC5-03BF4D6BC4C7}.Debug|x64.ActiveCfg = Debug|Any CPU
		{FCE8364F-68D4-437A-AAC5-03BF4D6BC4C7}.Debug|x86.ActiveCfg = Debug|Any CPU
		{FCE8364F-68D4-437A-AAC5-03BF4D6BC4C7}.Release|Any CPU.ActiveCfg = Release|Any CPU
		{FCE8364F-68D4-437A-AAC5-03BF4D6BC4C7}.Release|Any CPU.Build.0 = Release|Any CPU
		{FCE8364F-68D4-437A-AAC5-03BF4D6BC4C7}.Release|x64.ActiveCfg = Release|Any CPU
		{FCE8364F-68D4-437A-AAC5-03BF4D6BC4C7}.Release|x86.ActiveCfg = Release|Any CPU
		{E08CFBE4-E013-44EE-8829-426D05BC083F}.Debug|Any CPU.ActiveCfg = Debug|Any CPU
		{E08CFBE4-E013-44EE-8829-426D05BC083F}.Debug|Any CPU.Build.0 = Debug|Any CPU
		{E08CFBE4-E013-44EE-8829-426D05BC083F}.Debug|x64.ActiveCfg = Debug|x64
		{E08CFBE4-E013-44EE-8829-426D05BC083F}.Debug|x64.Build.0 = Debug|x64
		{E08CFBE4-E013-44EE-8829-426D05BC083F}.Debug|x86.ActiveCfg = Debug|x86
		{E08CFBE4-E013-44EE-8829-426D05BC083F}.Debug|x86.Build.0 = Debug|x86
		{E08CFBE4-E013-44EE-8829-426D05BC083F}.Release|Any CPU.ActiveCfg = Release|Any CPU
		{E08CFBE4-E013-44EE-8829-426D05BC083F}.Release|Any CPU.Build.0 = Release|Any CPU
		{E08CFBE4-E013-44EE-8829-426D05BC083F}.Release|x64.ActiveCfg = Release|x64
		{E08CFBE4-E013-44EE-8829-426D05BC083F}.Release|x64.Build.0 = Release|x64
		{E08CFBE4-E013-44EE-8829-426D05BC083F}.Release|x86.ActiveCfg = Release|x86
		{E08CFBE4-E013-44EE-8829-426D05BC083F}.Release|x86.Build.0 = Release|x86
	EndGlobalSection
	GlobalSection(SolutionProperties) = preSolution
		HideSolutionNode = FALSE
	EndGlobalSection
EndGlobal
